
Microsoft Visual Studio Solution File, Format Version 12.00
# Visual Studio Version 17
VisualStudioVersion = 17.5.002.0
MinimumVisualStudioVersion = 10.0.40219.1
Project("{9A19103F-16F7-4668-BE54-9A1E7A4F7556}") = "TodoApi", "TodoApi.csproj", "{F015770E-CB52-4318-956E-4EC448960AFC}"
EndProject
Global
	GlobalSection(SolutionConfigurationPlatforms) = preSolution
		Debug|Any CPU = Debug|Any CPU
		Release|Any CPU = Release|Any CPU
	EndGlobalSection
	GlobalSection(ProjectConfigurationPlatforms) = postSolution
		{F015770E-CB52-4318-956E-4EC448960AFC}.Debug|Any CPU.ActiveCfg = Debug|Any CPU
		{F015770E-CB52-4318-956E-4EC448960AFC}.Debug|Any CPU.Build.0 = Debug|Any CPU
		{F015770E-CB52-4318-956E-4EC448960AFC}.Release|Any CPU.ActiveCfg = Release|Any CPU
		{F015770E-CB52-4318-956E-4EC448960AFC}.Release|Any CPU.Build.0 = Release|Any CPU
	EndGlobalSection
	GlobalSection(SolutionProperties) = preSolution
		HideSolutionNode = FALSE
	EndGlobalSection
	GlobalSection(ExtensibilityGlobals) = postSolution
		SolutionGuid = {770DC11D-56B0-4540-9E36-C8181BE43A0D}
	EndGlobalSection
EndGlobal
